
Microsoft Visual Studio Solution File, Format Version 12.00
# Visual Studio Version 17
VisualStudioVersion = 17.11.35312.102
MinimumVisualStudioVersion = 10.0.40219.1
Project("{FAE04EC0-301F-11D3-BF4B-00C04F79EFBC}") = "projeto1", "projeto1\projeto1.csproj", "{4D90E10D-B1B8-4D66-9727-5ABE4E0D7FAF}"
EndProject
Global
	GlobalSection(SolutionConfigurationPlatforms) = preSolution
		Debug|Any CPU = Debug|Any CPU
		Release|Any CPU = Release|Any CPU
	EndGlobalSection
	GlobalSection(ProjectConfigurationPlatforms) = postSolution
		{4D90E10D-B1B8-4D66-9727-5ABE4E0D7FAF}.Debug|Any CPU.ActiveCfg = Debug|Any CPU
		{4D90E10D-B1B8-4D66-9727-5ABE4E0D7FAF}.Debug|Any CPU.Build.0 = Debug|Any CPU
		{4D90E10D-B1B8-4D66-9727-5ABE4E0D7FAF}.Release|Any CPU.ActiveCfg = Release|Any CPU
		{4D90E10D-B1B8-4D66-9727-5ABE4E0D7FAF}.Release|Any CPU.Build.0 = Release|Any CPU
	EndGlobalSection
	GlobalSection(SolutionProperties) = preSolution
		HideSolutionNode = FALSE
	EndGlobalSection
	GlobalSection(ExtensibilityGlobals) = postSolution
		SolutionGuid = {3C6BE2CE-F608-4636-B7DB-8339C0BED6A8}
	EndGlobalSection
EndGlobal
