
Microsoft Visual Studio Solution File, Format Version 12.00
# Visual Studio Version 17
VisualStudioVersion = 17.11.35312.102
MinimumVisualStudioVersion = 10.0.40219.1
Project("{FAE04EC0-301F-11D3-BF4B-00C04F79EFBC}") = "projeto2", "projeto2\projeto2.csproj", "{17DEF342-D4DE-4FC2-9524-EF975129B9CD}"
EndProject
Global
	GlobalSection(SolutionConfigurationPlatforms) = preSolution
		Debug|Any CPU = Debug|Any CPU
		Release|Any CPU = Release|Any CPU
	EndGlobalSection
	GlobalSection(ProjectConfigurationPlatforms) = postSolution
		{17DEF342-D4DE-4FC2-9524-EF975129B9CD}.Debug|Any CPU.ActiveCfg = Debug|Any CPU
		{17DEF342-D4DE-4FC2-9524-EF975129B9CD}.Debug|Any CPU.Build.0 = Debug|Any CPU
		{17DEF342-D4DE-4FC2-9524-EF975129B9CD}.Release|Any CPU.ActiveCfg = Release|Any CPU
		{17DEF342-D4DE-4FC2-9524-EF975129B9CD}.Release|Any CPU.Build.0 = Release|Any CPU
	EndGlobalSection
	GlobalSection(SolutionProperties) = preSolution
		HideSolutionNode = FALSE
	EndGlobalSection
	GlobalSection(ExtensibilityGlobals) = postSolution
		SolutionGuid = {1EBAA952-C294-4995-88A1-EF59B17954D0}
	EndGlobalSection
EndGlobal
