
Microsoft Visual Studio Solution File, Format Version 12.00
# Visual Studio Version 17
VisualStudioVersion = 17.11.35312.102
MinimumVisualStudioVersion = 10.0.40219.1
Project("{FAE04EC0-301F-11D3-BF4B-00C04F79EFBC}") = "projeto3", "projeto3\projeto3.csproj", "{5C4D9002-7827-4180-97AF-278212C812F4}"
EndProject
Global
	GlobalSection(SolutionConfigurationPlatforms) = preSolution
		Debug|Any CPU = Debug|Any CPU
		Release|Any CPU = Release|Any CPU
	EndGlobalSection
	GlobalSection(ProjectConfigurationPlatforms) = postSolution
		{5C4D9002-7827-4180-97AF-278212C812F4}.Debug|Any CPU.ActiveCfg = Debug|Any CPU
		{5C4D9002-7827-4180-97AF-278212C812F4}.Debug|Any CPU.Build.0 = Debug|Any CPU
		{5C4D9002-7827-4180-97AF-278212C812F4}.Release|Any CPU.ActiveCfg = Release|Any CPU
		{5C4D9002-7827-4180-97AF-278212C812F4}.Release|Any CPU.Build.0 = Release|Any CPU
	EndGlobalSection
	GlobalSection(SolutionProperties) = preSolution
		HideSolutionNode = FALSE
	EndGlobalSection
	GlobalSection(ExtensibilityGlobals) = postSolution
		SolutionGuid = {96BC3FFF-ED15-4D68-B44C-2A110D647F91}
	EndGlobalSection
EndGlobal
